// !$*UTF8*$!
{
	archiveVersion = 1;
	classes = {
	};
	objectVersion = 56;
	objects = {

/* Begin PBXBuildFile section */
		5E21220629AE449B00584799 /* Secrets.swift in Sources */ = {isa = PBXBuildFile; fileRef = 5E21220529AE449B00584799 /* Secrets.swift */; };
		562944DA29AE1B16005D9EC3 /* UIFont + Extensions.swift in Sources */ = {isa = PBXBuildFile; fileRef = 562944D929AE1B16005D9EC3 /* UIFont + Extensions.swift */; };
		562944DD29AE1D64005D9EC3 /* Poppins-Bold.ttf in Resources */ = {isa = PBXBuildFile; fileRef = 562944DC29AE1D64005D9EC3 /* Poppins-Bold.ttf */; };
		562944DF29AE1F27005D9EC3 /* Poppins-Regular.ttf in Resources */ = {isa = PBXBuildFile; fileRef = 562944DE29AE1F27005D9EC3 /* Poppins-Regular.ttf */; };
		5658AB4529ACD215004F8CFB /* WelcomeViewController.swift in Sources */ = {isa = PBXBuildFile; fileRef = 5658AB4429ACD215004F8CFB /* WelcomeViewController.swift */; };
		5658AB4729ACD684004F8CFB /* WelcomeView.swift in Sources */ = {isa = PBXBuildFile; fileRef = 5658AB4629ACD684004F8CFB /* WelcomeView.swift */; };
		5E2121FE29AE3A3200584799 /* RequestManager.swift in Sources */ = {isa = PBXBuildFile; fileRef = 5E2121FD29AE3A3200584799 /* RequestManager.swift */; };
		5E21220029AE3AC400584799 /* RecipeData.swift in Sources */ = {isa = PBXBuildFile; fileRef = 5E2121FF29AE3AC400584799 /* RecipeData.swift */; };
		5E21220229AE3AF700584799 /* RecipeModel.swift in Sources */ = {isa = PBXBuildFile; fileRef = 5E21220129AE3AF700584799 /* RecipeModel.swift */; };
		574A398E29AD045C00C00F54 /* ReciptsListVC.swift in Sources */ = {isa = PBXBuildFile; fileRef = 574A398D29AD045C00C00F54 /* ReciptsListVC.swift */; };
		574A399329AD0CA400C00F54 /* TableViewPrototypeCell.swift in Sources */ = {isa = PBXBuildFile; fileRef = 574A399229AD0CA300C00F54 /* TableViewPrototypeCell.swift */; };
		57981E9B29AE21C700176BF1 /* UITableView + Ext.swift in Sources */ = {isa = PBXBuildFile; fileRef = 57981E9A29AE21C700176BF1 /* UITableView + Ext.swift */; };
		57A53E9D29AD1E2600B0C6C4 /* RecieptListModel.swift in Sources */ = {isa = PBXBuildFile; fileRef = 57A53E9C29AD1E2600B0C6C4 /* RecieptListModel.swift */; };
		5EAA6C6029AB279B009A8E10 /* AppDelegate.swift in Sources */ = {isa = PBXBuildFile; fileRef = 5EAA6C5F29AB279B009A8E10 /* AppDelegate.swift */; };
		5EAA6C6229AB279B009A8E10 /* SceneDelegate.swift in Sources */ = {isa = PBXBuildFile; fileRef = 5EAA6C6129AB279B009A8E10 /* SceneDelegate.swift */; };
		5EAA6C6429AB279B009A8E10 /* RecipeViewController.swift in Sources */ = {isa = PBXBuildFile; fileRef = 5EAA6C6329AB279B009A8E10 /* RecipeViewController.swift */; };
		5EAA6C6929AB279C009A8E10 /* Assets.xcassets in Resources */ = {isa = PBXBuildFile; fileRef = 5EAA6C6829AB279C009A8E10 /* Assets.xcassets */; };
		5EAA6C6C29AB279C009A8E10 /* LaunchScreen.storyboard in Resources */ = {isa = PBXBuildFile; fileRef = 5EAA6C6A29AB279C009A8E10 /* LaunchScreen.storyboard */; };
/* End PBXBuildFile section */

/* Begin PBXFileReference section */
		5E21220529AE449B00584799 /* Secrets.swift */ = {isa = PBXFileReference; lastKnownFileType = sourcecode.swift; path = Secrets.swift; sourceTree = "<group>"; };
		562944D929AE1B16005D9EC3 /* UIFont + Extensions.swift */ = {isa = PBXFileReference; lastKnownFileType = sourcecode.swift; path = "UIFont + Extensions.swift"; sourceTree = "<group>"; };
		562944DC29AE1D64005D9EC3 /* Poppins-Bold.ttf */ = {isa = PBXFileReference; lastKnownFileType = file; path = "Poppins-Bold.ttf"; sourceTree = "<group>"; };
		562944DE29AE1F27005D9EC3 /* Poppins-Regular.ttf */ = {isa = PBXFileReference; lastKnownFileType = file; path = "Poppins-Regular.ttf"; sourceTree = "<group>"; };
		5658AB4429ACD215004F8CFB /* WelcomeViewController.swift */ = {isa = PBXFileReference; lastKnownFileType = sourcecode.swift; path = WelcomeViewController.swift; sourceTree = "<group>"; };
		5658AB4629ACD684004F8CFB /* WelcomeView.swift */ = {isa = PBXFileReference; lastKnownFileType = sourcecode.swift; path = WelcomeView.swift; sourceTree = "<group>"; };
		5E2121FD29AE3A3200584799 /* RequestManager.swift */ = {isa = PBXFileReference; lastKnownFileType = sourcecode.swift; path = RequestManager.swift; sourceTree = "<group>"; };
		5E2121FF29AE3AC400584799 /* RecipeData.swift */ = {isa = PBXFileReference; lastKnownFileType = sourcecode.swift; path = RecipeData.swift; sourceTree = "<group>"; };
		5E21220129AE3AF700584799 /* RecipeModel.swift */ = {isa = PBXFileReference; lastKnownFileType = sourcecode.swift; path = RecipeModel.swift; sourceTree = "<group>"; };
		574A398D29AD045C00C00F54 /* ReciptsListVC.swift */ = {isa = PBXFileReference; lastKnownFileType = sourcecode.swift; path = ReciptsListVC.swift; sourceTree = "<group>"; };
		574A399229AD0CA300C00F54 /* TableViewPrototypeCell.swift */ = {isa = PBXFileReference; lastKnownFileType = sourcecode.swift; path = TableViewPrototypeCell.swift; sourceTree = "<group>"; };
		57981E9A29AE21C700176BF1 /* UITableView + Ext.swift */ = {isa = PBXFileReference; lastKnownFileType = sourcecode.swift; path = "UITableView + Ext.swift"; sourceTree = "<group>"; };
		57A53E9C29AD1E2600B0C6C4 /* RecieptListModel.swift */ = {isa = PBXFileReference; lastKnownFileType = sourcecode.swift; path = RecieptListModel.swift; sourceTree = "<group>"; };
		5EAA6C5C29AB279B009A8E10 /* Easy cook.app */ = {isa = PBXFileReference; explicitFileType = wrapper.application; includeInIndex = 0; path = "Easy cook.app"; sourceTree = BUILT_PRODUCTS_DIR; };
		5EAA6C5F29AB279B009A8E10 /* AppDelegate.swift */ = {isa = PBXFileReference; lastKnownFileType = sourcecode.swift; path = AppDelegate.swift; sourceTree = "<group>"; };
		5EAA6C6129AB279B009A8E10 /* SceneDelegate.swift */ = {isa = PBXFileReference; lastKnownFileType = sourcecode.swift; path = SceneDelegate.swift; sourceTree = "<group>"; };
		5EAA6C6329AB279B009A8E10 /* RecipeViewController.swift */ = {isa = PBXFileReference; lastKnownFileType = sourcecode.swift; path = RecipeViewController.swift; sourceTree = "<group>"; };
		5EAA6C6829AB279C009A8E10 /* Assets.xcassets */ = {isa = PBXFileReference; lastKnownFileType = folder.assetcatalog; path = Assets.xcassets; sourceTree = "<group>"; };
		5EAA6C6B29AB279C009A8E10 /* Base */ = {isa = PBXFileReference; lastKnownFileType = file.storyboard; name = Base; path = Base.lproj/LaunchScreen.storyboard; sourceTree = "<group>"; };
		5EAA6C6D29AB279C009A8E10 /* Info.plist */ = {isa = PBXFileReference; lastKnownFileType = text.plist.xml; path = Info.plist; sourceTree = "<group>"; };
/* End PBXFileReference section */

/* Begin PBXFrameworksBuildPhase section */
		5EAA6C5929AB279B009A8E10 /* Frameworks */ = {
			isa = PBXFrameworksBuildPhase;
			buildActionMask = 2147483647;
			files = (
			);
			runOnlyForDeploymentPostprocessing = 0;
		};
/* End PBXFrameworksBuildPhase section */

/* Begin PBXGroup section */
		562944D829AE1AE1005D9EC3 /* Extensions */ = {
			isa = PBXGroup;
			children = (
				562944D929AE1B16005D9EC3 /* UIFont + Extensions.swift */,
			);
			path = Extensions;
			sourceTree = "<group>";
		};
		562944DB29AE1C87005D9EC3 /* Fonts */ = {
			isa = PBXGroup;
			children = (
				562944DC29AE1D64005D9EC3 /* Poppins-Bold.ttf */,
				562944DE29AE1F27005D9EC3 /* Poppins-Regular.ttf */,
			);
			path = Fonts;
			sourceTree = "<group>";
		};
		574A398F29AD08B400C00F54 /* Extansion */ = {
			isa = PBXGroup;
			children = (
				57981E9A29AE21C700176BF1 /* UITableView + Ext.swift */,
			);
			path = Extansion;
			sourceTree = "<group>";
		};
		57A53E9B29AD1DFF00B0C6C4 /* Models */ = {
			isa = PBXGroup;
			children = (
				57A53E9C29AD1E2600B0C6C4 /* RecieptListModel.swift */,
			);
			path = Models;
			sourceTree = "<group>";
		};
		57A53E9E29AD42A400B0C6C4 /* Controllers */ = {
			isa = PBXGroup;
			children = (
				57A53E9F29AD42CB00B0C6C4 /* ReusableTableViewVC */,
			);
			path = Controllers;
			sourceTree = "<group>";
		};
		57A53E9F29AD42CB00B0C6C4 /* ReusableTableViewVC */ = {
			isa = PBXGroup;
			children = (
				574A399229AD0CA300C00F54 /* TableViewPrototypeCell.swift */,
				574A398D29AD045C00C00F54 /* ReciptsListVC.swift */,
			);
			path = ReusableTableViewVC;
			sourceTree = "<group>";
		};
		5EAA6C5329AB279B009A8E10 = {
			isa = PBXGroup;
			children = (
				5EAA6C5E29AB279B009A8E10 /* Easy cook */,
				562944DB29AE1C87005D9EC3 /* Fonts */,
				5EAA6C5D29AB279B009A8E10 /* Products */,
			);
			sourceTree = "<group>";
		};
		5EAA6C5D29AB279B009A8E10 /* Products */ = {
			isa = PBXGroup;
			children = (
				5EAA6C5C29AB279B009A8E10 /* Easy cook.app */,
			);
			name = Products;
			sourceTree = "<group>";
		};
		5EAA6C5E29AB279B009A8E10 /* Easy cook */ = {
			isa = PBXGroup;
			children = (
				57A53E9E29AD42A400B0C6C4 /* Controllers */,
				57A53E9B29AD1DFF00B0C6C4 /* Models */,
				574A398F29AD08B400C00F54 /* Extansion */,
				5EAA6C5F29AB279B009A8E10 /* AppDelegate.swift */,
				5658AB4629ACD684004F8CFB /* WelcomeView.swift */,
				5658AB4429ACD215004F8CFB /* WelcomeViewController.swift */,
				5EAA6C6329AB279B009A8E10 /* RecipeViewController.swift */,
				5EAA6C6129AB279B009A8E10 /* SceneDelegate.swift */,
				5EAA6C6829AB279C009A8E10 /* Assets.xcassets */,
				5EAA6C6A29AB279C009A8E10 /* LaunchScreen.storyboard */,
				5EAA6C6D29AB279C009A8E10 /* Info.plist */,
				5E21220529AE449B00584799 /* Secrets.swift */,
				562944D829AE1AE1005D9EC3 /* Extensions */,
				5E2121FD29AE3A3200584799 /* RequestManager.swift */,
				5E2121FF29AE3AC400584799 /* RecipeData.swift */,
				5E21220129AE3AF700584799 /* RecipeModel.swift */,
			);
			path = "Easy cook";
			sourceTree = "<group>";
		};
/* End PBXGroup section */

/* Begin PBXNativeTarget section */
		5EAA6C5B29AB279B009A8E10 /* Easy cook */ = {
			isa = PBXNativeTarget;
			buildConfigurationList = 5EAA6C7029AB279C009A8E10 /* Build configuration list for PBXNativeTarget "Easy cook" */;
			buildPhases = (
				5EAA6C5829AB279B009A8E10 /* Sources */,
				5EAA6C5929AB279B009A8E10 /* Frameworks */,
				5EAA6C5A29AB279B009A8E10 /* Resources */,
			);
			buildRules = (
			);
			dependencies = (
			);
			name = "Easy cook";
			productName = "Easy cook";
			productReference = 5EAA6C5C29AB279B009A8E10 /* Easy cook.app */;
			productType = "com.apple.product-type.application";
		};
/* End PBXNativeTarget section */

/* Begin PBXProject section */
		5EAA6C5429AB279B009A8E10 /* Project object */ = {
			isa = PBXProject;
			attributes = {
				BuildIndependentTargetsInParallel = 1;
				LastSwiftUpdateCheck = 1420;
				LastUpgradeCheck = 1420;
				TargetAttributes = {
					5EAA6C5B29AB279B009A8E10 = {
						CreatedOnToolsVersion = 14.2;
					};
				};
			};
			buildConfigurationList = 5EAA6C5729AB279B009A8E10 /* Build configuration list for PBXProject "Easy cook" */;
			compatibilityVersion = "Xcode 14.0";
			developmentRegion = en;
			hasScannedForEncodings = 0;
			knownRegions = (
				en,
				Base,
			);
			mainGroup = 5EAA6C5329AB279B009A8E10;
			productRefGroup = 5EAA6C5D29AB279B009A8E10 /* Products */;
			projectDirPath = "";
			projectRoot = "";
			targets = (
				5EAA6C5B29AB279B009A8E10 /* Easy cook */,
			);
		};
/* End PBXProject section */

/* Begin PBXResourcesBuildPhase section */
		5EAA6C5A29AB279B009A8E10 /* Resources */ = {
			isa = PBXResourcesBuildPhase;
			buildActionMask = 2147483647;
			files = (
				5EAA6C6C29AB279C009A8E10 /* LaunchScreen.storyboard in Resources */,
				562944DD29AE1D64005D9EC3 /* Poppins-Bold.ttf in Resources */,
				5EAA6C6929AB279C009A8E10 /* Assets.xcassets in Resources */,
				562944DF29AE1F27005D9EC3 /* Poppins-Regular.ttf in Resources */,
			);
			runOnlyForDeploymentPostprocessing = 0;
		};
/* End PBXResourcesBuildPhase section */

/* Begin PBXSourcesBuildPhase section */
		5EAA6C5829AB279B009A8E10 /* Sources */ = {
			isa = PBXSourcesBuildPhase;
			buildActionMask = 2147483647;
			files = (
				562944DA29AE1B16005D9EC3 /* UIFont + Extensions.swift in Sources */,
				5658AB4729ACD684004F8CFB /* WelcomeView.swift in Sources */,
 
				574A399329AD0CA400C00F54 /* TableViewPrototypeCell.swift in Sources */,
				5EAA6C6429AB279B009A8E10 /* ViewController.swift in Sources */,
				5E21220629AE449B00584799 /* Secrets.swift in Sources */,
				5658AB4529ACD215004F8CFB /* WelcomeViewController.swift in Sources */,
				5EAA6C6429AB279B009A8E10 /* RecipeViewController.swift in Sources */,
				574A398E29AD045C00C00F54 /* ReciptsListVC.swift in Sources */,
				5EAA6C6029AB279B009A8E10 /* AppDelegate.swift in Sources */,
				5E21220029AE3AC400584799 /* RecipeData.swift in Sources */,
				57A53E9D29AD1E2600B0C6C4 /* RecieptListModel.swift in Sources */,
				5EAA6C6229AB279B009A8E10 /* SceneDelegate.swift in Sources */,
				5E2121FE29AE3A3200584799 /* RequestManager.swift in Sources */,
				5E21220229AE3AF700584799 /* RecipeModel.swift in Sources */,
				574A399129AD093E00C00F54 /* UIView + Ext.swift in Sources */,
			);
			runOnlyForDeploymentPostprocessing = 0;
		};
/* End PBXSourcesBuildPhase section */

/* Begin PBXVariantGroup section */
		5EAA6C6A29AB279C009A8E10 /* LaunchScreen.storyboard */ = {
			isa = PBXVariantGroup;
			children = (
				5EAA6C6B29AB279C009A8E10 /* Base */,
			);
			name = LaunchScreen.storyboard;
			sourceTree = "<group>";
		};
/* End PBXVariantGroup section */

/* Begin XCBuildConfiguration section */
		5EAA6C6E29AB279C009A8E10 /* Debug */ = {
			isa = XCBuildConfiguration;
			buildSettings = {
				ALWAYS_SEARCH_USER_PATHS = NO;
				CLANG_ANALYZER_NONNULL = YES;
				CLANG_ANALYZER_NUMBER_OBJECT_CONVERSION = YES_AGGRESSIVE;
				CLANG_CXX_LANGUAGE_STANDARD = "gnu++20";
				CLANG_ENABLE_MODULES = YES;
				CLANG_ENABLE_OBJC_ARC = YES;
				CLANG_ENABLE_OBJC_WEAK = YES;
				CLANG_WARN_BLOCK_CAPTURE_AUTORELEASING = YES;
				CLANG_WARN_BOOL_CONVERSION = YES;
				CLANG_WARN_COMMA = YES;
				CLANG_WARN_CONSTANT_CONVERSION = YES;
				CLANG_WARN_DEPRECATED_OBJC_IMPLEMENTATIONS = YES;
				CLANG_WARN_DIRECT_OBJC_ISA_USAGE = YES_ERROR;
				CLANG_WARN_DOCUMENTATION_COMMENTS = YES;
				CLANG_WARN_EMPTY_BODY = YES;
				CLANG_WARN_ENUM_CONVERSION = YES;
				CLANG_WARN_INFINITE_RECURSION = YES;
				CLANG_WARN_INT_CONVERSION = YES;
				CLANG_WARN_NON_LITERAL_NULL_CONVERSION = YES;
				CLANG_WARN_OBJC_IMPLICIT_RETAIN_SELF = YES;
				CLANG_WARN_OBJC_LITERAL_CONVERSION = YES;
				CLANG_WARN_OBJC_ROOT_CLASS = YES_ERROR;
				CLANG_WARN_QUOTED_INCLUDE_IN_FRAMEWORK_HEADER = YES;
				CLANG_WARN_RANGE_LOOP_ANALYSIS = YES;
				CLANG_WARN_STRICT_PROTOTYPES = YES;
				CLANG_WARN_SUSPICIOUS_MOVE = YES;
				CLANG_WARN_UNGUARDED_AVAILABILITY = YES_AGGRESSIVE;
				CLANG_WARN_UNREACHABLE_CODE = YES;
				CLANG_WARN__DUPLICATE_METHOD_MATCH = YES;
				COPY_PHASE_STRIP = NO;
				DEBUG_INFORMATION_FORMAT = dwarf;
				ENABLE_STRICT_OBJC_MSGSEND = YES;
				ENABLE_TESTABILITY = YES;
				GCC_C_LANGUAGE_STANDARD = gnu11;
				GCC_DYNAMIC_NO_PIC = NO;
				GCC_NO_COMMON_BLOCKS = YES;
				GCC_OPTIMIZATION_LEVEL = 0;
				GCC_PREPROCESSOR_DEFINITIONS = (
					"DEBUG=1",
					"$(inherited)",
				);
				GCC_WARN_64_TO_32_BIT_CONVERSION = YES;
				GCC_WARN_ABOUT_RETURN_TYPE = YES_ERROR;
				GCC_WARN_UNDECLARED_SELECTOR = YES;
				GCC_WARN_UNINITIALIZED_AUTOS = YES_AGGRESSIVE;
				GCC_WARN_UNUSED_FUNCTION = YES;
				GCC_WARN_UNUSED_VARIABLE = YES;
				IPHONEOS_DEPLOYMENT_TARGET = 14.0;
				MTL_ENABLE_DEBUG_INFO = INCLUDE_SOURCE;
				MTL_FAST_MATH = YES;
				ONLY_ACTIVE_ARCH = YES;
				SDKROOT = iphoneos;
				SWIFT_ACTIVE_COMPILATION_CONDITIONS = DEBUG;
				SWIFT_OPTIMIZATION_LEVEL = "-Onone";
			};
			name = Debug;
		};
		5EAA6C6F29AB279C009A8E10 /* Release */ = {
			isa = XCBuildConfiguration;
			buildSettings = {
				ALWAYS_SEARCH_USER_PATHS = NO;
				CLANG_ANALYZER_NONNULL = YES;
				CLANG_ANALYZER_NUMBER_OBJECT_CONVERSION = YES_AGGRESSIVE;
				CLANG_CXX_LANGUAGE_STANDARD = "gnu++20";
				CLANG_ENABLE_MODULES = YES;
				CLANG_ENABLE_OBJC_ARC = YES;
				CLANG_ENABLE_OBJC_WEAK = YES;
				CLANG_WARN_BLOCK_CAPTURE_AUTORELEASING = YES;
				CLANG_WARN_BOOL_CONVERSION = YES;
				CLANG_WARN_COMMA = YES;
				CLANG_WARN_CONSTANT_CONVERSION = YES;
				CLANG_WARN_DEPRECATED_OBJC_IMPLEMENTATIONS = YES;
				CLANG_WARN_DIRECT_OBJC_ISA_USAGE = YES_ERROR;
				CLANG_WARN_DOCUMENTATION_COMMENTS = YES;
				CLANG_WARN_EMPTY_BODY = YES;
				CLANG_WARN_ENUM_CONVERSION = YES;
				CLANG_WARN_INFINITE_RECURSION = YES;
				CLANG_WARN_INT_CONVERSION = YES;
				CLANG_WARN_NON_LITERAL_NULL_CONVERSION = YES;
				CLANG_WARN_OBJC_IMPLICIT_RETAIN_SELF = YES;
				CLANG_WARN_OBJC_LITERAL_CONVERSION = YES;
				CLANG_WARN_OBJC_ROOT_CLASS = YES_ERROR;
				CLANG_WARN_QUOTED_INCLUDE_IN_FRAMEWORK_HEADER = YES;
				CLANG_WARN_RANGE_LOOP_ANALYSIS = YES;
				CLANG_WARN_STRICT_PROTOTYPES = YES;
				CLANG_WARN_SUSPICIOUS_MOVE = YES;
				CLANG_WARN_UNGUARDED_AVAILABILITY = YES_AGGRESSIVE;
				CLANG_WARN_UNREACHABLE_CODE = YES;
				CLANG_WARN__DUPLICATE_METHOD_MATCH = YES;
				COPY_PHASE_STRIP = NO;
				DEBUG_INFORMATION_FORMAT = "dwarf-with-dsym";
				ENABLE_NS_ASSERTIONS = NO;
				ENABLE_STRICT_OBJC_MSGSEND = YES;
				GCC_C_LANGUAGE_STANDARD = gnu11;
				GCC_NO_COMMON_BLOCKS = YES;
				GCC_WARN_64_TO_32_BIT_CONVERSION = YES;
				GCC_WARN_ABOUT_RETURN_TYPE = YES_ERROR;
				GCC_WARN_UNDECLARED_SELECTOR = YES;
				GCC_WARN_UNINITIALIZED_AUTOS = YES_AGGRESSIVE;
				GCC_WARN_UNUSED_FUNCTION = YES;
				GCC_WARN_UNUSED_VARIABLE = YES;
				IPHONEOS_DEPLOYMENT_TARGET = 14.0;
				MTL_ENABLE_DEBUG_INFO = NO;
				MTL_FAST_MATH = YES;
				SDKROOT = iphoneos;
				SWIFT_COMPILATION_MODE = wholemodule;
				SWIFT_OPTIMIZATION_LEVEL = "-O";
				VALIDATE_PRODUCT = YES;
			};
			name = Release;
		};
		5EAA6C7129AB279C009A8E10 /* Debug */ = {
			isa = XCBuildConfiguration;
			buildSettings = {
				ASSETCATALOG_COMPILER_APPICON_NAME = AppIcon;
				ASSETCATALOG_COMPILER_GLOBAL_ACCENT_COLOR_NAME = AccentColor;
				CODE_SIGN_STYLE = Automatic;
				CURRENT_PROJECT_VERSION = 1;
				DEVELOPMENT_TEAM = 8RR26756PN;
				GENERATE_INFOPLIST_FILE = YES;
				INFOPLIST_FILE = "Easy cook/Info.plist";
				INFOPLIST_KEY_UIApplicationSupportsIndirectInputEvents = YES;
				INFOPLIST_KEY_UILaunchStoryboardName = LaunchScreen;
				INFOPLIST_KEY_UISupportedInterfaceOrientations_iPad = "UIInterfaceOrientationPortrait UIInterfaceOrientationPortraitUpsideDown UIInterfaceOrientationLandscapeLeft UIInterfaceOrientationLandscapeRight";
				INFOPLIST_KEY_UISupportedInterfaceOrientations_iPhone = "UIInterfaceOrientationPortrait UIInterfaceOrientationLandscapeLeft UIInterfaceOrientationLandscapeRight";
				IPHONEOS_DEPLOYMENT_TARGET = 14.0;
				LD_RUNPATH_SEARCH_PATHS = (
					"$(inherited)",
					"@executable_path/Frameworks",
				);
				MARKETING_VERSION = 1.0;
				PRODUCT_BUNDLE_IDENTIFIER = "co.IvanBiriukov.Easy-cook";
				PRODUCT_NAME = "$(TARGET_NAME)";
				SWIFT_EMIT_LOC_STRINGS = YES;
				SWIFT_VERSION = 5.0;
				TARGETED_DEVICE_FAMILY = "1,2";
			};
			name = Debug;
		};
		5EAA6C7229AB279C009A8E10 /* Release */ = {
			isa = XCBuildConfiguration;
			buildSettings = {
				ASSETCATALOG_COMPILER_APPICON_NAME = AppIcon;
				ASSETCATALOG_COMPILER_GLOBAL_ACCENT_COLOR_NAME = AccentColor;
				CODE_SIGN_STYLE = Automatic;
				CURRENT_PROJECT_VERSION = 1;
				DEVELOPMENT_TEAM = 8RR26756PN;
				GENERATE_INFOPLIST_FILE = YES;
				INFOPLIST_FILE = "Easy cook/Info.plist";
				INFOPLIST_KEY_UIApplicationSupportsIndirectInputEvents = YES;
				INFOPLIST_KEY_UILaunchStoryboardName = LaunchScreen;
				INFOPLIST_KEY_UISupportedInterfaceOrientations_iPad = "UIInterfaceOrientationPortrait UIInterfaceOrientationPortraitUpsideDown UIInterfaceOrientationLandscapeLeft UIInterfaceOrientationLandscapeRight";
				INFOPLIST_KEY_UISupportedInterfaceOrientations_iPhone = "UIInterfaceOrientationPortrait UIInterfaceOrientationLandscapeLeft UIInterfaceOrientationLandscapeRight";
				IPHONEOS_DEPLOYMENT_TARGET = 14.0;
				LD_RUNPATH_SEARCH_PATHS = (
					"$(inherited)",
					"@executable_path/Frameworks",
				);
				MARKETING_VERSION = 1.0;
				PRODUCT_BUNDLE_IDENTIFIER = "co.IvanBiriukov.Easy-cook";
				PRODUCT_NAME = "$(TARGET_NAME)";
				SWIFT_EMIT_LOC_STRINGS = YES;
				SWIFT_VERSION = 5.0;
				TARGETED_DEVICE_FAMILY = "1,2";
			};
			name = Release;
		};
/* End XCBuildConfiguration section */

/* Begin XCConfigurationList section */
		5EAA6C5729AB279B009A8E10 /* Build configuration list for PBXProject "Easy cook" */ = {
			isa = XCConfigurationList;
			buildConfigurations = (
				5EAA6C6E29AB279C009A8E10 /* Debug */,
				5EAA6C6F29AB279C009A8E10 /* Release */,
			);
			defaultConfigurationIsVisible = 0;
			defaultConfigurationName = Release;
		};
		5EAA6C7029AB279C009A8E10 /* Build configuration list for PBXNativeTarget "Easy cook" */ = {
			isa = XCConfigurationList;
			buildConfigurations = (
				5EAA6C7129AB279C009A8E10 /* Debug */,
				5EAA6C7229AB279C009A8E10 /* Release */,
			);
			defaultConfigurationIsVisible = 0;
			defaultConfigurationName = Release;
		};
/* End XCConfigurationList section */
	};
	rootObject = 5EAA6C5429AB279B009A8E10 /* Project object */;
}
